
Microsoft Visual Studio Solution File, Format Version 12.00
# Visual Studio Version 16
VisualStudioVersion = 16.0.28803.156
MinimumVisualStudioVersion = 10.0.40219.1
Project("{FAE04EC0-301F-11D3-BF4B-00C04F79EFBC}") = "Comun", "Comun\Comun.csproj", "{5CD40E75-8749-4C5D-862B-24B5E6EC7A3E}"
EndProject
Project("{2150E333-8FDC-42A3-9474-1A3956D46DE8}") = "01-Presentacion", "01-Presentacion", "{6D59540A-4EBE-4D09-BB37-76D27645F37F}"
EndProject
Project("{2150E333-8FDC-42A3-9474-1A3956D46DE8}") = "02-LogicaNegocios", "02-LogicaNegocios", "{3715C8EC-CD67-4F9F-AFD2-75C6DC3BE1EB}"
EndProject
Project("{2150E333-8FDC-42A3-9474-1A3956D46DE8}") = "03-AccesoDatos", "03-AccesoDatos", "{049BF105-D7B9-472E-A011-A339A7A11CC1}"
EndProject
Project("{2150E333-8FDC-42A3-9474-1A3956D46DE8}") = "X-Core", "X-Core", "{BF12F391-8573-4172-98C8-83E5755C0D03}"
EndProject
Project("{FAE04EC0-301F-11D3-BF4B-00C04F79EFBC}") = "PersonaBrl", "PersonaBrl\PersonaBrl.csproj", "{D1979CDE-FBB6-4497-A4AC-EF062ADFF11C}"
EndProject
Project("{FAE04EC0-301F-11D3-BF4B-00C04F79EFBC}") = "ConsoleAppTelefono", "ConsoleAppTelefono\ConsoleAppTelefono.csproj", "{23BB8944-4993-4825-A5D4-B276696C3283}"
EndProject
Project("{2150E333-8FDC-42A3-9474-1A3956D46DE8}") = "Consola", "Consola", "{5B96873D-5269-48FD-B3E5-42C87E643763}"
EndProject
Project("{FAE04EC0-301F-11D3-BF4B-00C04F79EFBC}") = "Wpf", "Wpf\Wpf.csproj", "{ECF134DA-030D-4BC8-894B-2FA4F9338676}"
EndProject
Project("{2150E333-8FDC-42A3-9474-1A3956D46DE8}") = "Wpf-prueba", "Wpf-prueba", "{F8472596-A29E-4A4B-883F-8D30F75CE7E9}"
EndProject
Project("{FAE04EC0-301F-11D3-BF4B-00C04F79EFBC}") = "InmobiliariaBrl", "InmobiliariaBrl\InmobiliariaBrl.csproj", "{3C903E9A-49A7-496E-AB02-349D03831F9A}"
EndProject
Project("{FAE04EC0-301F-11D3-BF4B-00C04F79EFBC}") = "InmobiliariaDal", "InmobiliariaDal\InmobiliariaDal.csproj", "{76B255FF-A8BC-4425-8023-F1C39F321306}"
EndProject
Project("{FAE04EC0-301F-11D3-BF4B-00C04F79EFBC}") = "ServicioDal", "ServicioDal\ServicioDal.csproj", "{2B3A07FD-52FE-4C22-8F6E-EC8B33CB87F3}"
EndProject
Project("{FAE04EC0-301F-11D3-BF4B-00C04F79EFBC}") = "ServicioBrl", "ServicioBrl\ServicioBrl.csproj", "{408CCC76-0241-49D9-A248-1681E5D1BABD}"
EndProject
Global
	GlobalSection(SolutionConfigurationPlatforms) = preSolution
		Debug|Any CPU = Debug|Any CPU
		Release|Any CPU = Release|Any CPU
	EndGlobalSection
	GlobalSection(ProjectConfigurationPlatforms) = postSolution
		{5CD40E75-8749-4C5D-862B-24B5E6EC7A3E}.Debug|Any CPU.ActiveCfg = Debug|Any CPU
		{5CD40E75-8749-4C5D-862B-24B5E6EC7A3E}.Debug|Any CPU.Build.0 = Debug|Any CPU
		{5CD40E75-8749-4C5D-862B-24B5E6EC7A3E}.Release|Any CPU.ActiveCfg = Release|Any CPU
		{5CD40E75-8749-4C5D-862B-24B5E6EC7A3E}.Release|Any CPU.Build.0 = Release|Any CPU
		{D1979CDE-FBB6-4497-A4AC-EF062ADFF11C}.Debug|Any CPU.ActiveCfg = Debug|Any CPU
		{D1979CDE-FBB6-4497-A4AC-EF062ADFF11C}.Debug|Any CPU.Build.0 = Debug|Any CPU
		{D1979CDE-FBB6-4497-A4AC-EF062ADFF11C}.Release|Any CPU.ActiveCfg = Release|Any CPU
		{D1979CDE-FBB6-4497-A4AC-EF062ADFF11C}.Release|Any CPU.Build.0 = Release|Any CPU
		{23BB8944-4993-4825-A5D4-B276696C3283}.Debug|Any CPU.ActiveCfg = Debug|Any CPU
		{23BB8944-4993-4825-A5D4-B276696C3283}.Debug|Any CPU.Build.0 = Debug|Any CPU
		{23BB8944-4993-4825-A5D4-B276696C3283}.Release|Any CPU.ActiveCfg = Release|Any CPU
		{23BB8944-4993-4825-A5D4-B276696C3283}.Release|Any CPU.Build.0 = Release|Any CPU
		{ECF134DA-030D-4BC8-894B-2FA4F9338676}.Debug|Any CPU.ActiveCfg = Debug|Any CPU
		{ECF134DA-030D-4BC8-894B-2FA4F9338676}.Debug|Any CPU.Build.0 = Debug|Any CPU
		{ECF134DA-030D-4BC8-894B-2FA4F9338676}.Release|Any CPU.ActiveCfg = Release|Any CPU
		{ECF134DA-030D-4BC8-894B-2FA4F9338676}.Release|Any CPU.Build.0 = Release|Any CPU
		{3C903E9A-49A7-496E-AB02-349D03831F9A}.Debug|Any CPU.ActiveCfg = Debug|Any CPU
		{3C903E9A-49A7-496E-AB02-349D03831F9A}.Debug|Any CPU.Build.0 = Debug|Any CPU
		{3C903E9A-49A7-496E-AB02-349D03831F9A}.Release|Any CPU.ActiveCfg = Release|Any CPU
		{3C903E9A-49A7-496E-AB02-349D03831F9A}.Release|Any CPU.Build.0 = Release|Any CPU
		{76B255FF-A8BC-4425-8023-F1C39F321306}.Debug|Any CPU.ActiveCfg = Debug|Any CPU
		{76B255FF-A8BC-4425-8023-F1C39F321306}.Debug|Any CPU.Build.0 = Debug|Any CPU
		{76B255FF-A8BC-4425-8023-F1C39F321306}.Release|Any CPU.ActiveCfg = Release|Any CPU
		{76B255FF-A8BC-4425-8023-F1C39F321306}.Release|Any CPU.Build.0 = Release|Any CPU
		{2B3A07FD-52FE-4C22-8F6E-EC8B33CB87F3}.Debug|Any CPU.ActiveCfg = Debug|Any CPU
		{2B3A07FD-52FE-4C22-8F6E-EC8B33CB87F3}.Debug|Any CPU.Build.0 = Debug|Any CPU
		{2B3A07FD-52FE-4C22-8F6E-EC8B33CB87F3}.Release|Any CPU.ActiveCfg = Release|Any CPU
		{2B3A07FD-52FE-4C22-8F6E-EC8B33CB87F3}.Release|Any CPU.Build.0 = Release|Any CPU
		{408CCC76-0241-49D9-A248-1681E5D1BABD}.Debug|Any CPU.ActiveCfg = Debug|Any CPU
		{408CCC76-0241-49D9-A248-1681E5D1BABD}.Debug|Any CPU.Build.0 = Debug|Any CPU
		{408CCC76-0241-49D9-A248-1681E5D1BABD}.Release|Any CPU.ActiveCfg = Release|Any CPU
		{408CCC76-0241-49D9-A248-1681E5D1BABD}.Release|Any CPU.Build.0 = Release|Any CPU
	EndGlobalSection
	GlobalSection(SolutionProperties) = preSolution
		HideSolutionNode = FALSE
	EndGlobalSection
	GlobalSection(NestedProjects) = preSolution
		{5CD40E75-8749-4C5D-862B-24B5E6EC7A3E} = {BF12F391-8573-4172-98C8-83E5755C0D03}
		{D1979CDE-FBB6-4497-A4AC-EF062ADFF11C} = {3715C8EC-CD67-4F9F-AFD2-75C6DC3BE1EB}
		{23BB8944-4993-4825-A5D4-B276696C3283} = {5B96873D-5269-48FD-B3E5-42C87E643763}
		{5B96873D-5269-48FD-B3E5-42C87E643763} = {6D59540A-4EBE-4D09-BB37-76D27645F37F}
		{ECF134DA-030D-4BC8-894B-2FA4F9338676} = {F8472596-A29E-4A4B-883F-8D30F75CE7E9}
		{F8472596-A29E-4A4B-883F-8D30F75CE7E9} = {6D59540A-4EBE-4D09-BB37-76D27645F37F}
		{3C903E9A-49A7-496E-AB02-349D03831F9A} = {3715C8EC-CD67-4F9F-AFD2-75C6DC3BE1EB}
		{76B255FF-A8BC-4425-8023-F1C39F321306} = {049BF105-D7B9-472E-A011-A339A7A11CC1}
		{2B3A07FD-52FE-4C22-8F6E-EC8B33CB87F3} = {049BF105-D7B9-472E-A011-A339A7A11CC1}
		{408CCC76-0241-49D9-A248-1681E5D1BABD} = {3715C8EC-CD67-4F9F-AFD2-75C6DC3BE1EB}
	EndGlobalSection
	GlobalSection(ExtensibilityGlobals) = postSolution
		SolutionGuid = {062C41D0-1B0E-458C-B3A3-469573FF3B17}
	EndGlobalSection
EndGlobal
